lockfileVersion: '9.0'

settings:
  autoInstallPeers: true
  excludeLinksFromLockfile: false

importers:

  .:
    dependencies:
      lucide-solid:
        specifier: ^0.546.0
        version: 0.546.0(solid-js@1.9.9)

packages:

  csstype@3.1.3:
    resolution: {integrity: sha512-M1uQkMl8rQK/szD0LNhtqxIPLpimGm8sOBwU7lLnCpSbTyY3yeU1Vc7l4KT5zT4s/yOxHH5O7tIuuLOCnLADRw==}

  lucide-solid@0.546.0:
    resolution: {integrity: sha512-zJX9x7rlOwqsB6eNMWOrzS+vuvZThPFksPVryiXMmC6QGAD6vRihEZHe+r4JSppAGhOaPRBnMhg8XNZ/qLslvA==}
    peerDependencies:
      solid-js: ^1.4.7

  seroval-plugins@1.3.3:
    resolution: {integrity: sha512-16OL3NnUBw8JG1jBLUoZJsLnQq0n5Ua6aHalhJK4fMQkz1lqR7Osz1sA30trBtd9VUDc2NgkuRCn8+/pBwqZ+w==}
    engines: {node: '>=10'}
    peerDependencies:
      seroval: ^1.0

  seroval@1.3.2:
    resolution: {integrity: sha512-RbcPH1n5cfwKrru7v7+zrZvjLurgHhGyso3HTyGtRivGWgYjbOmGuivCQaORNELjNONoK35nj28EoWul9sb1zQ==}
    engines: {node: '>=10'}

  solid-js@1.9.9:
    resolution: {integrity: sha512-A0ZBPJQldAeGCTW0YRYJmt7RCeh5rbFfPZ2aOttgYnctHE7HgKeHCBB/PVc2P7eOfmNXqMFFFoYYdm3S4dcbkA==}

snapshots:

  csstype@3.1.3: {}

  lucide-solid@0.546.0(solid-js@1.9.9):
    dependencies:
      solid-js: 1.9.9

  seroval-plugins@1.3.3(seroval@1.3.2):
    dependencies:
      seroval: 1.3.2

  seroval@1.3.2: {}

  solid-js@1.9.9:
    dependencies:
      csstype: 3.1.3
      seroval: 1.3.2
      seroval-plugins: 1.3.3(seroval@1.3.2)
